
Microsoft Visual Studio Solution File, Format Version 12.00
# Visual Studio Version 16
VisualStudioVersion = 16.0.29411.108
MinimumVisualStudioVersion = 10.0.40219.1
Project("{8BC9CEB8-8B4A-11D0-8D11-00A0C91BC942}") = "1005", "1005\1005.vcxproj", "{2FA49008-DD5F-4196-B4F9-544A45139D29}"
EndProject
Project("{8BC9CEB8-8B4A-11D0-8D11-00A0C91BC942}") = "1006", "1006\1006.vcxproj", "{BB702521-4523-4BDD-9589-AB51ECA69BA2}"
EndProject
Project("{8BC9CEB8-8B4A-11D0-8D11-00A0C91BC942}") = "1007", "1007\1007.vcxproj", "{5E98558B-8685-4C05-8CCE-41244A5F91CD}"
EndProject
Project("{8BC9CEB8-8B4A-11D0-8D11-00A0C91BC942}") = "1008", "1008\1008.vcxproj", "{FE3625D2-27D7-4AC9-A7C4-9012DD95F530}"
EndProject
Project("{8BC9CEB8-8B4A-11D0-8D11-00A0C91BC942}") = "1003", "1003\1003.vcxproj", "{3E584095-DE84-45D9-A9EF-8FFBD2E9088D}"
EndProject
Project("{8BC9CEB8-8B4A-11D0-8D11-00A0C91BC942}") = "1002", "1002\1002.vcxproj", "{09FE1D0D-7D1B-4BDF-AB51-47CACC231221}"
EndProject
Project("{8BC9CEB8-8B4A-11D0-8D11-00A0C91BC942}") = "1001", "1001\1001.vcxproj", "{EF3F149D-305D-4D27-9EB7-49F3B3CBAE3B}"
EndProject
Project("{8BC9CEB8-8B4A-11D0-8D11-00A0C91BC942}") = "1010", "1010\1010.vcxproj", "{A72BB6C7-6AAE-4783-8A3E-11A77F4BD1FA}"
EndProject
Project("{8BC9CEB8-8B4A-11D0-8D11-00A0C91BC942}") = "1011", "1011\1011.vcxproj", "{CAE85314-253A-4242-9D9B-9730BE8A7F65}"
EndProject
Project("{8BC9CEB8-8B4A-11D0-8D11-00A0C91BC942}") = "1012", "1012\1012.vcxproj", "{4DD70C02-3AF0-426A-81F8-D9C68310D440}"
EndProject
Project("{8BC9CEB8-8B4A-11D0-8D11-00A0C91BC942}") = "1013", "1013\1013.vcxproj", "{5EAD9212-3964-419B-9BD1-7456477926EE}"
EndProject
Project("{8BC9CEB8-8B4A-11D0-8D11-00A0C91BC942}") = "1014", "1014\1014.vcxproj", "{6D6C3F72-299B-410B-B800-E2A56A8662F6}"
EndProject
Project("{8BC9CEB8-8B4A-11D0-8D11-00A0C91BC942}") = "1015", "1015\1015.vcxproj", "{F2B76459-D179-410F-9A88-550311FB686F}"
EndProject
Project("{8BC9CEB8-8B4A-11D0-8D11-00A0C91BC942}") = "1017", "1017\1017.vcxproj", "{ACA57599-F1AA-4DDD-B34E-418C27E74C8D}"
EndProject
Project("{8BC9CEB8-8B4A-11D0-8D11-00A0C91BC942}") = "1018", "1018\1018.vcxproj", "{692B799A-D6E9-445A-B85C-5B6067BFEE49}"
EndProject
Project("{8BC9CEB8-8B4A-11D0-8D11-00A0C91BC942}") = "1019", "1019\1019.vcxproj", "{6B0C1B75-4F12-4ADD-B65C-84FFFA3B9D6D}"
EndProject
Project("{8BC9CEB8-8B4A-11D0-8D11-00A0C91BC942}") = "1020", "1020\1020.vcxproj", "{0A259094-62D3-4EA2-9602-B9F498B14F01}"
EndProject
Project("{8BC9CEB8-8B4A-11D0-8D11-00A0C91BC942}") = "1021", "1021\1021.vcxproj", "{B7753606-8583-40F6-A3E9-00E7487F31C3}"
EndProject
Project("{8BC9CEB8-8B4A-11D0-8D11-00A0C91BC942}") = "1022", "1022\1022.vcxproj", "{B1A30D51-FB37-4A94-897A-D808DAFC06F7}"
EndProject
Project("{8BC9CEB8-8B4A-11D0-8D11-00A0C91BC942}") = "1023", "1023\1023.vcxproj", "{43A3E7F0-F4DA-4FEE-9628-C20EDD0FF6B5}"
EndProject
Project("{8BC9CEB8-8B4A-11D0-8D11-00A0C91BC942}") = "1024", "1024\1024.vcxproj", "{4E4FF0C7-CB57-4429-AA7B-475C8E8D21AC}"
EndProject
Project("{8BC9CEB8-8B4A-11D0-8D11-00A0C91BC942}") = "1025", "1025\1025.vcxproj", "{8FA96D65-451E-4CC4-9A25-C1FD531F72CF}"
EndProject
Project("{8BC9CEB8-8B4A-11D0-8D11-00A0C91BC942}") = "1026", "1026\1026.vcxproj", "{AD65C047-B3D7-4D45-8DD3-23BC7B648175}"
EndProject
Project("{8BC9CEB8-8B4A-11D0-8D11-00A0C91BC942}") = "1027", "1027\1027.vcxproj", "{23C04785-C0BA-4E03-A0BE-3D3A67A89C9F}"
EndProject
Project("{8BC9CEB8-8B4A-11D0-8D11-00A0C91BC942}") = "1028", "1028\1028.vcxproj", "{45FF84EA-1C0F-47DE-80CD-19ED719CF25E}"
EndProject
Project("{8BC9CEB8-8B4A-11D0-8D11-00A0C91BC942}") = "1029", "1029\1029.vcxproj", "{FCAEF33A-F466-4F35-9F98-87C462BABDC8}"
EndProject
Project("{8BC9CEB8-8B4A-11D0-8D11-00A0C91BC942}") = "1030", "1030\1030.vcxproj", "{1B01B922-8D04-4134-9A13-278DB6930B69}"
EndProject
Project("{8BC9CEB8-8B4A-11D0-8D11-00A0C91BC942}") = "1031", "1031\1031.vcxproj", "{BE53BE23-46D2-4E12-B54D-2BC2B3883D32}"
EndProject
Project("{8BC9CEB8-8B4A-11D0-8D11-00A0C91BC942}") = "1032", "1032\1032.vcxproj", "{576091EF-F859-4A56-8C5D-A69A9647D9A2}"
EndProject
Project("{8BC9CEB8-8B4A-11D0-8D11-00A0C91BC942}") = "1033", "1033\1033.vcxproj", "{7749E7D4-FAED-4AE1-8DFB-DC58FC77DDCD}"
EndProject
Project("{8BC9CEB8-8B4A-11D0-8D11-00A0C91BC942}") = "1034", "1034\1034.vcxproj", "{C337639C-706E-4805-9011-9EA59DF95901}"
EndProject
Project("{8BC9CEB8-8B4A-11D0-8D11-00A0C91BC942}") = "1035", "1035\1035.vcxproj", "{260B6581-B91C-4F7B-B26D-1BC8728A8F9F}"
EndProject
Project("{8BC9CEB8-8B4A-11D0-8D11-00A0C91BC942}") = "1036", "1036\1036.vcxproj", "{A446D53A-F816-4A8E-811F-ECAE569DE3D7}"
EndProject
Project("{8BC9CEB8-8B4A-11D0-8D11-00A0C91BC942}") = "1037", "1037\1037.vcxproj", "{A9F819DD-37DC-4461-B5BF-3A8467BF4D2A}"
EndProject
Project("{8BC9CEB8-8B4A-11D0-8D11-00A0C91BC942}") = "1038", "1038\1038.vcxproj", "{A14FB177-C5AA-448C-A1CB-CF40E6F26DC2}"
EndProject
Project("{8BC9CEB8-8B4A-11D0-8D11-00A0C91BC942}") = "1039", "1039\1039.vcxproj", "{04685E63-4DFE-4DD0-AC8B-5DACFDC12ED6}"
EndProject
Project("{8BC9CEB8-8B4A-11D0-8D11-00A0C91BC942}") = "1040", "1040\1040.vcxproj", "{466AB338-3435-430E-9F35-379F3BB400FC}"
EndProject
Project("{8BC9CEB8-8B4A-11D0-8D11-00A0C91BC942}") = "1041", "1041\1041.vcxproj", "{E1AA5EE8-DCB9-4496-9D8F-01CACE8096E6}"
EndProject
Project("{8BC9CEB8-8B4A-11D0-8D11-00A0C91BC942}") = "1042", "1042\1042.vcxproj", "{5F4DD411-E399-48C9-BA72-A11F9F0BDF88}"
EndProject
Project("{8BC9CEB8-8B4A-11D0-8D11-00A0C91BC942}") = "1043", "1043\1043.vcxproj", "{13C75612-6711-47ED-B545-B4FFB29C8BC0}"
EndProject
Project("{8BC9CEB8-8B4A-11D0-8D11-00A0C91BC942}") = "1044", "1044\1044.vcxproj", "{E4F13A0F-AA02-48E5-86E0-E90A74AC666C}"
EndProject
Project("{8BC9CEB8-8B4A-11D0-8D11-00A0C91BC942}") = "1045", "1045\1045.vcxproj", "{59001535-E9A1-4C9D-9448-50F33B013637}"
EndProject
Project("{8BC9CEB8-8B4A-11D0-8D11-00A0C91BC942}") = "1046", "1046\1046.vcxproj", "{8789E696-6850-403E-8A21-1BF7A73375B0}"
EndProject
Project("{8BC9CEB8-8B4A-11D0-8D11-00A0C91BC942}") = "1047", "1047\1047.vcxproj", "{114234D9-FB58-4F00-A776-32C6532E9C49}"
EndProject
Project("{8BC9CEB8-8B4A-11D0-8D11-00A0C91BC942}") = "1048", "1048\1048.vcxproj", "{81187892-5261-48DD-B5C8-1E4B589DD85F}"
EndProject
Project("{8BC9CEB8-8B4A-11D0-8D11-00A0C91BC942}") = "1049", "1049\1049.vcxproj", "{6D927484-42A5-4081-97DA-1DB2D8AE5520}"
EndProject
Project("{8BC9CEB8-8B4A-11D0-8D11-00A0C91BC942}") = "1050", "1050\1050.vcxproj", "{16AC87D1-E31A-4923-AAA6-02D560969A10}"
EndProject
Project("{8BC9CEB8-8B4A-11D0-8D11-00A0C91BC942}") = "1051", "1051\1051.vcxproj", "{6FD7C0F4-AF5B-4B6B-A6E2-7C9D53A86FF0}"
EndProject
Project("{8BC9CEB8-8B4A-11D0-8D11-00A0C91BC942}") = "1052", "1052\1052.vcxproj", "{F909FC58-A2E5-42FE-9899-4E9DF833CF9E}"
EndProject
Project("{8BC9CEB8-8B4A-11D0-8D11-00A0C91BC942}") = "1004", "1004\1004.vcxproj", "{5C1D5EAA-58C7-48BD-B244-12C0FB6D066A}"
EndProject
Global
	GlobalSection(SolutionConfigurationPlatforms) = preSolution
		Debug|x64 = Debug|x64
		Debug|x86 = Debug|x86
		Release|x64 = Release|x64
		Release|x86 = Release|x86
	EndGlobalSection
	GlobalSection(ProjectConfigurationPlatforms) = postSolution
		{2FA49008-DD5F-4196-B4F9-544A45139D29}.Debug|x64.ActiveCfg = Debug|x64
		{2FA49008-DD5F-4196-B4F9-544A45139D29}.Debug|x64.Build.0 = Debug|x64
		{2FA49008-DD5F-4196-B4F9-544A45139D29}.Debug|x86.ActiveCfg = Debug|Win32
		{2FA49008-DD5F-4196-B4F9-544A45139D29}.Debug|x86.Build.0 = Debug|Win32
		{2FA49008-DD5F-4196-B4F9-544A45139D29}.Release|x64.ActiveCfg = Release|x64
		{2FA49008-DD5F-4196-B4F9-544A45139D29}.Release|x64.Build.0 = Release|x64
		{2FA49008-DD5F-4196-B4F9-544A45139D29}.Release|x86.ActiveCfg = Release|Win32
		{2FA49008-DD5F-4196-B4F9-544A45139D29}.Release|x86.Build.0 = Release|Win32
		{BB702521-4523-4BDD-9589-AB51ECA69BA2}.Debug|x64.ActiveCfg = Debug|x64
		{BB702521-4523-4BDD-9589-AB51ECA69BA2}.Debug|x64.Build.0 = Debug|x64
		{BB702521-4523-4BDD-9589-AB51ECA69BA2}.Debug|x86.ActiveCfg = Debug|Win32
		{BB702521-4523-4BDD-9589-AB51ECA69BA2}.Debug|x86.Build.0 = Debug|Win32
		{BB702521-4523-4BDD-9589-AB51ECA69BA2}.Release|x64.ActiveCfg = Release|x64
		{BB702521-4523-4BDD-9589-AB51ECA69BA2}.Release|x64.Build.0 = Release|x64
		{BB702521-4523-4BDD-9589-AB51ECA69BA2}.Release|x86.ActiveCfg = Release|Win32
		{BB702521-4523-4BDD-9589-AB51ECA69BA2}.Release|x86.Build.0 = Release|Win32
		{5E98558B-8685-4C05-8CCE-41244A5F91CD}.Debug|x64.ActiveCfg = Debug|x64
		{5E98558B-8685-4C05-8CCE-41244A5F91CD}.Debug|x64.Build.0 = Debug|x64
		{5E98558B-8685-4C05-8CCE-41244A5F91CD}.Debug|x86.ActiveCfg = Debug|Win32
		{5E98558B-8685-4C05-8CCE-41244A5F91CD}.Debug|x86.Build.0 = Debug|Win32
		{5E98558B-8685-4C05-8CCE-41244A5F91CD}.Release|x64.ActiveCfg = Release|x64
		{5E98558B-8685-4C05-8CCE-41244A5F91CD}.Release|x64.Build.0 = Release|x64
		{5E98558B-8685-4C05-8CCE-41244A5F91CD}.Release|x86.ActiveCfg = Release|Win32
		{5E98558B-8685-4C05-8CCE-41244A5F91CD}.Release|x86.Build.0 = Release|Win32
		{FE3625D2-27D7-4AC9-A7C4-9012DD95F530}.Debug|x64.ActiveCfg = Debug|x64
		{FE3625D2-27D7-4AC9-A7C4-9012DD95F530}.Debug|x64.Build.0 = Debug|x64
		{FE3625D2-27D7-4AC9-A7C4-9012DD95F530}.Debug|x86.ActiveCfg = Debug|Win32
		{FE3625D2-27D7-4AC9-A7C4-9012DD95F530}.Debug|x86.Build.0 = Debug|Win32
		{FE3625D2-27D7-4AC9-A7C4-9012DD95F530}.Release|x64.ActiveCfg = Release|x64
		{FE3625D2-27D7-4AC9-A7C4-9012DD95F530}.Release|x64.Build.0 = Release|x64
		{FE3625D2-27D7-4AC9-A7C4-9012DD95F530}.Release|x86.ActiveCfg = Release|Win32
		{FE3625D2-27D7-4AC9-A7C4-9012DD95F530}.Release|x86.Build.0 = Release|Win32
		{3E584095-DE84-45D9-A9EF-8FFBD2E9088D}.Debug|x64.ActiveCfg = Debug|x64
		{3E584095-DE84-45D9-A9EF-8FFBD2E9088D}.Debug|x64.Build.0 = Debug|x64
		{3E584095-DE84-45D9-A9EF-8FFBD2E9088D}.Debug|x86.ActiveCfg = Debug|Win32
		{3E584095-DE84-45D9-A9EF-8FFBD2E9088D}.Debug|x86.Build.0 = Debug|Win32
		{3E584095-DE84-45D9-A9EF-8FFBD2E9088D}.Release|x64.ActiveCfg = Release|x64
		{3E584095-DE84-45D9-A9EF-8FFBD2E9088D}.Release|x64.Build.0 = Release|x64
		{3E584095-DE84-45D9-A9EF-8FFBD2E9088D}.Release|x86.ActiveCfg = Release|Win32
		{3E584095-DE84-45D9-A9EF-8FFBD2E9088D}.Release|x86.Build.0 = Release|Win32
		{09FE1D0D-7D1B-4BDF-AB51-47CACC231221}.Debug|x64.ActiveCfg = Debug|x64
		{09FE1D0D-7D1B-4BDF-AB51-47CACC231221}.Debug|x64.Build.0 = Debug|x64
		{09FE1D0D-7D1B-4BDF-AB51-47CACC231221}.Debug|x86.ActiveCfg = Debug|Win32
		{09FE1D0D-7D1B-4BDF-AB51-47CACC231221}.Debug|x86.Build.0 = Debug|Win32
		{09FE1D0D-7D1B-4BDF-AB51-47CACC231221}.Release|x64.ActiveCfg = Release|x64
		{09FE1D0D-7D1B-4BDF-AB51-47CACC231221}.Release|x64.Build.0 = Release|x64
		{09FE1D0D-7D1B-4BDF-AB51-47CACC231221}.Release|x86.ActiveCfg = Release|Win32
		{09FE1D0D-7D1B-4BDF-AB51-47CACC231221}.Release|x86.Build.0 = Release|Win32
		{EF3F149D-305D-4D27-9EB7-49F3B3CBAE3B}.Debug|x64.ActiveCfg = Debug|x64
		{EF3F149D-305D-4D27-9EB7-49F3B3CBAE3B}.Debug|x64.Build.0 = Debug|x64
		{EF3F149D-305D-4D27-9EB7-49F3B3CBAE3B}.Debug|x86.ActiveCfg = Debug|Win32
		{EF3F149D-305D-4D27-9EB7-49F3B3CBAE3B}.Debug|x86.Build.0 = Debug|Win32
		{EF3F149D-305D-4D27-9EB7-49F3B3CBAE3B}.Release|x64.ActiveCfg = Release|x64
		{EF3F149D-305D-4D27-9EB7-49F3B3CBAE3B}.Release|x64.Build.0 = Release|x64
		{EF3F149D-305D-4D27-9EB7-49F3B3CBAE3B}.Release|x86.ActiveCfg = Release|Win32
		{EF3F149D-305D-4D27-9EB7-49F3B3CBAE3B}.Release|x86.Build.0 = Release|Win32
		{A72BB6C7-6AAE-4783-8A3E-11A77F4BD1FA}.Debug|x64.ActiveCfg = Debug|x64
		{A72BB6C7-6AAE-4783-8A3E-11A77F4BD1FA}.Debug|x64.Build.0 = Debug|x64
		{A72BB6C7-6AAE-4783-8A3E-11A77F4BD1FA}.Debug|x86.ActiveCfg = Debug|Win32
		{A72BB6C7-6AAE-4783-8A3E-11A77F4BD1FA}.Debug|x86.Build.0 = Debug|Win32
		{A72BB6C7-6AAE-4783-8A3E-11A77F4BD1FA}.Release|x64.ActiveCfg = Release|x64
		{A72BB6C7-6AAE-4783-8A3E-11A77F4BD1FA}.Release|x64.Build.0 = Release|x64
		{A72BB6C7-6AAE-4783-8A3E-11A77F4BD1FA}.Release|x86.ActiveCfg = Release|Win32
		{A72BB6C7-6AAE-4783-8A3E-11A77F4BD1FA}.Release|x86.Build.0 = Release|Win32
		{CAE85314-253A-4242-9D9B-9730BE8A7F65}.Debug|x64.ActiveCfg = Debug|x64
		{CAE85314-253A-4242-9D9B-9730BE8A7F65}.Debug|x64.Build.0 = Debug|x64
		{CAE85314-253A-4242-9D9B-9730BE8A7F65}.Debug|x86.ActiveCfg = Debug|Win32
		{CAE85314-253A-4242-9D9B-9730BE8A7F65}.Debug|x86.Build.0 = Debug|Win32
		{CAE85314-253A-4242-9D9B-9730BE8A7F65}.Release|x64.ActiveCfg = Release|x64
		{CAE85314-253A-4242-9D9B-9730BE8A7F65}.Release|x64.Build.0 = Release|x64
		{CAE85314-253A-4242-9D9B-9730BE8A7F65}.Release|x86.ActiveCfg = Release|Win32
		{CAE85314-253A-4242-9D9B-9730BE8A7F65}.Release|x86.Build.0 = Release|Win32
		{4DD70C02-3AF0-426A-81F8-D9C68310D440}.Debug|x64.ActiveCfg = Debug|x64
		{4DD70C02-3AF0-426A-81F8-D9C68310D440}.Debug|x64.Build.0 = Debug|x64
		{4DD70C02-3AF0-426A-81F8-D9C68310D440}.Debug|x86.ActiveCfg = Debug|Win32
		{4DD70C02-3AF0-426A-81F8-D9C68310D440}.Debug|x86.Build.0 = Debug|Win32
		{4DD70C02-3AF0-426A-81F8-D9C68310D440}.Release|x64.ActiveCfg = Release|x64
		{4DD70C02-3AF0-426A-81F8-D9C68310D440}.Release|x64.Build.0 = Release|x64
		{4DD70C02-3AF0-426A-81F8-D9C68310D440}.Release|x86.ActiveCfg = Release|Win32
		{4DD70C02-3AF0-426A-81F8-D9C68310D440}.Release|x86.Build.0 = Release|Win32
		{5EAD9212-3964-419B-9BD1-7456477926EE}.Debug|x64.ActiveCfg = Debug|x64
		{5EAD9212-3964-419B-9BD1-7456477926EE}.Debug|x64.Build.0 = Debug|x64
		{5EAD9212-3964-419B-9BD1-7456477926EE}.Debug|x86.ActiveCfg = Debug|Win32
		{5EAD9212-3964-419B-9BD1-7456477926EE}.Debug|x86.Build.0 = Debug|Win32
		{5EAD9212-3964-419B-9BD1-7456477926EE}.Release|x64.ActiveCfg = Release|x64
		{5EAD9212-3964-419B-9BD1-7456477926EE}.Release|x64.Build.0 = Release|x64
		{5EAD9212-3964-419B-9BD1-7456477926EE}.Release|x86.ActiveCfg = Release|Win32
		{5EAD9212-3964-419B-9BD1-7456477926EE}.Release|x86.Build.0 = Release|Win32
		{6D6C3F72-299B-410B-B800-E2A56A8662F6}.Debug|x64.ActiveCfg = Debug|x64
		{6D6C3F72-299B-410B-B800-E2A56A8662F6}.Debug|x64.Build.0 = Debug|x64
		{6D6C3F72-299B-410B-B800-E2A56A8662F6}.Debug|x86.ActiveCfg = Debug|Win32
		{6D6C3F72-299B-410B-B800-E2A56A8662F6}.Debug|x86.Build.0 = Debug|Win32
		{6D6C3F72-299B-410B-B800-E2A56A8662F6}.Release|x64.ActiveCfg = Release|x64
		{6D6C3F72-299B-410B-B800-E2A56A8662F6}.Release|x64.Build.0 = Release|x64
		{6D6C3F72-299B-410B-B800-E2A56A8662F6}.Release|x86.ActiveCfg = Release|Win32
		{6D6C3F72-299B-410B-B800-E2A56A8662F6}.Release|x86.Build.0 = Release|Win32
		{F2B76459-D179-410F-9A88-550311FB686F}.Debug|x64.ActiveCfg = Debug|x64
		{F2B76459-D179-410F-9A88-550311FB686F}.Debug|x64.Build.0 = Debug|x64
		{F2B76459-D179-410F-9A88-550311FB686F}.Debug|x86.ActiveCfg = Debug|Win32
		{F2B76459-D179-410F-9A88-550311FB686F}.Debug|x86.Build.0 = Debug|Win32
		{F2B76459-D179-410F-9A88-550311FB686F}.Release|x64.ActiveCfg = Release|x64
		{F2B76459-D179-410F-9A88-550311FB686F}.Release|x64.Build.0 = Release|x64
		{F2B76459-D179-410F-9A88-550311FB686F}.Release|x86.ActiveCfg = Release|Win32
		{F2B76459-D179-410F-9A88-550311FB686F}.Release|x86.Build.0 = Release|Win32
		{ACA57599-F1AA-4DDD-B34E-418C27E74C8D}.Debug|x64.ActiveCfg = Debug|x64
		{ACA57599-F1AA-4DDD-B34E-418C27E74C8D}.Debug|x64.Build.0 = Debug|x64
		{ACA57599-F1AA-4DDD-B34E-418C27E74C8D}.Debug|x86.ActiveCfg = Debug|Win32
		{ACA57599-F1AA-4DDD-B34E-418C27E74C8D}.Debug|x86.Build.0 = Debug|Win32
		{ACA57599-F1AA-4DDD-B34E-418C27E74C8D}.Release|x64.ActiveCfg = Release|x64
		{ACA57599-F1AA-4DDD-B34E-418C27E74C8D}.Release|x64.Build.0 = Release|x64
		{ACA57599-F1AA-4DDD-B34E-418C27E74C8D}.Release|x86.ActiveCfg = Release|Win32
		{ACA57599-F1AA-4DDD-B34E-418C27E74C8D}.Release|x86.Build.0 = Release|Win32
		{692B799A-D6E9-445A-B85C-5B6067BFEE49}.Debug|x64.ActiveCfg = Debug|x64
		{692B799A-D6E9-445A-B85C-5B6067BFEE49}.Debug|x64.Build.0 = Debug|x64
		{692B799A-D6E9-445A-B85C-5B6067BFEE49}.Debug|x86.ActiveCfg = Debug|Win32
		{692B799A-D6E9-445A-B85C-5B6067BFEE49}.Debug|x86.Build.0 = Debug|Win32
		{692B799A-D6E9-445A-B85C-5B6067BFEE49}.Release|x64.ActiveCfg = Release|x64
		{692B799A-D6E9-445A-B85C-5B6067BFEE49}.Release|x64.Build.0 = Release|x64
		{692B799A-D6E9-445A-B85C-5B6067BFEE49}.Release|x86.ActiveCfg = Release|Win32
		{692B799A-D6E9-445A-B85C-5B6067BFEE49}.Release|x86.Build.0 = Release|Win32
		{6B0C1B75-4F12-4ADD-B65C-84FFFA3B9D6D}.Debug|x64.ActiveCfg = Debug|x64
		{6B0C1B75-4F12-4ADD-B65C-84FFFA3B9D6D}.Debug|x64.Build.0 = Debug|x64
		{6B0C1B75-4F12-4ADD-B65C-84FFFA3B9D6D}.Debug|x86.ActiveCfg = Debug|Win32
		{6B0C1B75-4F12-4ADD-B65C-84FFFA3B9D6D}.Debug|x86.Build.0 = Debug|Win32
		{6B0C1B75-4F12-4ADD-B65C-84FFFA3B9D6D}.Release|x64.ActiveCfg = Release|x64
		{6B0C1B75-4F12-4ADD-B65C-84FFFA3B9D6D}.Release|x64.Build.0 = Release|x64
		{6B0C1B75-4F12-4ADD-B65C-84FFFA3B9D6D}.Release|x86.ActiveCfg = Release|Win32
		{6B0C1B75-4F12-4ADD-B65C-84FFFA3B9D6D}.Release|x86.Build.0 = Release|Win32
		{0A259094-62D3-4EA2-9602-B9F498B14F01}.Debug|x64.ActiveCfg = Debug|x64
		{0A259094-62D3-4EA2-9602-B9F498B14F01}.Debug|x64.Build.0 = Debug|x64
		{0A259094-62D3-4EA2-9602-B9F498B14F01}.Debug|x86.ActiveCfg = Debug|Win32
		{0A259094-62D3-4EA2-9602-B9F498B14F01}.Debug|x86.Build.0 = Debug|Win32
		{0A259094-62D3-4EA2-9602-B9F498B14F01}.Release|x64.ActiveCfg = Release|x64
		{0A259094-62D3-4EA2-9602-B9F498B14F01}.Release|x64.Build.0 = Release|x64
		{0A259094-62D3-4EA2-9602-B9F498B14F01}.Release|x86.ActiveCfg = Release|Win32
		{0A259094-62D3-4EA2-9602-B9F498B14F01}.Release|x86.Build.0 = Release|Win32
		{B7753606-8583-40F6-A3E9-00E7487F31C3}.Debug|x64.ActiveCfg = Debug|x64
		{B7753606-8583-40F6-A3E9-00E7487F31C3}.Debug|x64.Build.0 = Debug|x64
		{B7753606-8583-40F6-A3E9-00E7487F31C3}.Debug|x86.ActiveCfg = Debug|Win32
		{B7753606-8583-40F6-A3E9-00E7487F31C3}.Debug|x86.Build.0 = Debug|Win32
		{B7753606-8583-40F6-A3E9-00E7487F31C3}.Release|x64.ActiveCfg = Release|x64
		{B7753606-8583-40F6-A3E9-00E7487F31C3}.Release|x64.Build.0 = Release|x64
		{B7753606-8583-40F6-A3E9-00E7487F31C3}.Release|x86.ActiveCfg = Release|Win32
		{B7753606-8583-40F6-A3E9-00E7487F31C3}.Release|x86.Build.0 = Release|Win32
		{B1A30D51-FB37-4A94-897A-D808DAFC06F7}.Debug|x64.ActiveCfg = Debug|x64
		{B1A30D51-FB37-4A94-897A-D808DAFC06F7}.Debug|x64.Build.0 = Debug|x64
		{B1A30D51-FB37-4A94-897A-D808DAFC06F7}.Debug|x86.ActiveCfg = Debug|Win32
		{B1A30D51-FB37-4A94-897A-D808DAFC06F7}.Debug|x86.Build.0 = Debug|Win32
		{B1A30D51-FB37-4A94-897A-D808DAFC06F7}.Release|x64.ActiveCfg = Release|x64
		{B1A30D51-FB37-4A94-897A-D808DAFC06F7}.Release|x64.Build.0 = Release|x64
		{B1A30D51-FB37-4A94-897A-D808DAFC06F7}.Release|x86.ActiveCfg = Release|Win32
		{B1A30D51-FB37-4A94-897A-D808DAFC06F7}.Release|x86.Build.0 = Release|Win32
		{43A3E7F0-F4DA-4FEE-9628-C20EDD0FF6B5}.Debug|x64.ActiveCfg = Debug|x64
		{43A3E7F0-F4DA-4FEE-9628-C20EDD0FF6B5}.Debug|x64.Build.0 = Debug|x64
		{43A3E7F0-F4DA-4FEE-9628-C20EDD0FF6B5}.Debug|x86.ActiveCfg = Debug|Win32
		{43A3E7F0-F4DA-4FEE-9628-C20EDD0FF6B5}.Debug|x86.Build.0 = Debug|Win32
		{43A3E7F0-F4DA-4FEE-9628-C20EDD0FF6B5}.Release|x64.ActiveCfg = Release|x64
		{43A3E7F0-F4DA-4FEE-9628-C20EDD0FF6B5}.Release|x64.Build.0 = Release|x64
		{43A3E7F0-F4DA-4FEE-9628-C20EDD0FF6B5}.Release|x86.ActiveCfg = Release|Win32
		{43A3E7F0-F4DA-4FEE-9628-C20EDD0FF6B5}.Release|x86.Build.0 = Release|Win32
		{4E4FF0C7-CB57-4429-AA7B-475C8E8D21AC}.Debug|x64.ActiveCfg = Debug|x64
		{4E4FF0C7-CB57-4429-AA7B-475C8E8D21AC}.Debug|x64.Build.0 = Debug|x64
		{4E4FF0C7-CB57-4429-AA7B-475C8E8D21AC}.Debug|x86.ActiveCfg = Debug|Win32
		{4E4FF0C7-CB57-4429-AA7B-475C8E8D21AC}.Debug|x86.Build.0 = Debug|Win32
		{4E4FF0C7-CB57-4429-AA7B-475C8E8D21AC}.Release|x64.ActiveCfg = Release|x64
		{4E4FF0C7-CB57-4429-AA7B-475C8E8D21AC}.Release|x64.Build.0 = Release|x64
		{4E4FF0C7-CB57-4429-AA7B-475C8E8D21AC}.Release|x86.ActiveCfg = Release|Win32
		{4E4FF0C7-CB57-4429-AA7B-475C8E8D21AC}.Release|x86.Build.0 = Release|Win32
		{8FA96D65-451E-4CC4-9A25-C1FD531F72CF}.Debug|x64.ActiveCfg = Debug|x64
		{8FA96D65-451E-4CC4-9A25-C1FD531F72CF}.Debug|x64.Build.0 = Debug|x64
		{8FA96D65-451E-4CC4-9A25-C1FD531F72CF}.Debug|x86.ActiveCfg = Debug|Win32
		{8FA96D65-451E-4CC4-9A25-C1FD531F72CF}.Debug|x86.Build.0 = Debug|Win32
		{8FA96D65-451E-4CC4-9A25-C1FD531F72CF}.Release|x64.ActiveCfg = Release|x64
		{8FA96D65-451E-4CC4-9A25-C1FD531F72CF}.Release|x64.Build.0 = Release|x64
		{8FA96D65-451E-4CC4-9A25-C1FD531F72CF}.Release|x86.ActiveCfg = Release|Win32
		{8FA96D65-451E-4CC4-9A25-C1FD531F72CF}.Release|x86.Build.0 = Release|Win32
		{AD65C047-B3D7-4D45-8DD3-23BC7B648175}.Debug|x64.ActiveCfg = Debug|x64
		{AD65C047-B3D7-4D45-8DD3-23BC7B648175}.Debug|x64.Build.0 = Debug|x64
		{AD65C047-B3D7-4D45-8DD3-23BC7B648175}.Debug|x86.ActiveCfg = Debug|Win32
		{AD65C047-B3D7-4D45-8DD3-23BC7B648175}.Debug|x86.Build.0 = Debug|Win32
		{AD65C047-B3D7-4D45-8DD3-23BC7B648175}.Release|x64.ActiveCfg = Release|x64
		{AD65C047-B3D7-4D45-8DD3-23BC7B648175}.Release|x64.Build.0 = Release|x64
		{AD65C047-B3D7-4D45-8DD3-23BC7B648175}.Release|x86.ActiveCfg = Release|Win32
		{AD65C047-B3D7-4D45-8DD3-23BC7B648175}.Release|x86.Build.0 = Release|Win32
		{23C04785-C0BA-4E03-A0BE-3D3A67A89C9F}.Debug|x64.ActiveCfg = Debug|x64
		{23C04785-C0BA-4E03-A0BE-3D3A67A89C9F}.Debug|x64.Build.0 = Debug|x64
		{23C04785-C0BA-4E03-A0BE-3D3A67A89C9F}.Debug|x86.ActiveCfg = Debug|Win32
		{23C04785-C0BA-4E03-A0BE-3D3A67A89C9F}.Debug|x86.Build.0 = Debug|Win32
		{23C04785-C0BA-4E03-A0BE-3D3A67A89C9F}.Release|x64.ActiveCfg = Release|x64
		{23C04785-C0BA-4E03-A0BE-3D3A67A89C9F}.Release|x64.Build.0 = Release|x64
		{23C04785-C0BA-4E03-A0BE-3D3A67A89C9F}.Release|x86.ActiveCfg = Release|Win32
		{23C04785-C0BA-4E03-A0BE-3D3A67A89C9F}.Release|x86.Build.0 = Release|Win32
		{45FF84EA-1C0F-47DE-80CD-19ED719CF25E}.Debug|x64.ActiveCfg = Debug|x64
		{45FF84EA-1C0F-47DE-80CD-19ED719CF25E}.Debug|x64.Build.0 = Debug|x64
		{45FF84EA-1C0F-47DE-80CD-19ED719CF25E}.Debug|x86.ActiveCfg = Debug|Win32
		{45FF84EA-1C0F-47DE-80CD-19ED719CF25E}.Debug|x86.Build.0 = Debug|Win32
		{45FF84EA-1C0F-47DE-80CD-19ED719CF25E}.Release|x64.ActiveCfg = Release|x64
		{45FF84EA-1C0F-47DE-80CD-19ED719CF25E}.Release|x64.Build.0 = Release|x64
		{45FF84EA-1C0F-47DE-80CD-19ED719CF25E}.Release|x86.ActiveCfg = Release|Win32
		{45FF84EA-1C0F-47DE-80CD-19ED719CF25E}.Release|x86.Build.0 = Release|Win32
		{FCAEF33A-F466-4F35-9F98-87C462BABDC8}.Debug|x64.ActiveCfg = Debug|x64
		{FCAEF33A-F466-4F35-9F98-87C462BABDC8}.Debug|x64.Build.0 = Debug|x64
		{FCAEF33A-F466-4F35-9F98-87C462BABDC8}.Debug|x86.ActiveCfg = Debug|Win32
		{FCAEF33A-F466-4F35-9F98-87C462BABDC8}.Debug|x86.Build.0 = Debug|Win32
		{FCAEF33A-F466-4F35-9F98-87C462BABDC8}.Release|x64.ActiveCfg = Release|x64
		{FCAEF33A-F466-4F35-9F98-87C462BABDC8}.Release|x64.Build.0 = Release|x64
		{FCAEF33A-F466-4F35-9F98-87C462BABDC8}.Release|x86.ActiveCfg = Release|Win32
		{FCAEF33A-F466-4F35-9F98-87C462BABDC8}.Release|x86.Build.0 = Release|Win32
		{1B01B922-8D04-4134-9A13-278DB6930B69}.Debug|x64.ActiveCfg = Debug|x64
		{1B01B922-8D04-4134-9A13-278DB6930B69}.Debug|x64.Build.0 = Debug|x64
		{1B01B922-8D04-4134-9A13-278DB6930B69}.Debug|x86.ActiveCfg = Debug|Win32
		{1B01B922-8D04-4134-9A13-278DB6930B69}.Debug|x86.Build.0 = Debug|Win32
		{1B01B922-8D04-4134-9A13-278DB6930B69}.Release|x64.ActiveCfg = Release|x64
		{1B01B922-8D04-4134-9A13-278DB6930B69}.Release|x64.Build.0 = Release|x64
		{1B01B922-8D04-4134-9A13-278DB6930B69}.Release|x86.ActiveCfg = Release|Win32
		{1B01B922-8D04-4134-9A13-278DB6930B69}.Release|x86.Build.0 = Release|Win32
		{BE53BE23-46D2-4E12-B54D-2BC2B3883D32}.Debug|x64.ActiveCfg = Debug|x64
		{BE53BE23-46D2-4E12-B54D-2BC2B3883D32}.Debug|x64.Build.0 = Debug|x64
		{BE53BE23-46D2-4E12-B54D-2BC2B3883D32}.Debug|x86.ActiveCfg = Debug|Win32
		{BE53BE23-46D2-4E12-B54D-2BC2B3883D32}.Debug|x86.Build.0 = Debug|Win32
		{BE53BE23-46D2-4E12-B54D-2BC2B3883D32}.Release|x64.ActiveCfg = Release|x64
		{BE53BE23-46D2-4E12-B54D-2BC2B3883D32}.Release|x64.Build.0 = Release|x64
		{BE53BE23-46D2-4E12-B54D-2BC2B3883D32}.Release|x86.ActiveCfg = Release|Win32
		{BE53BE23-46D2-4E12-B54D-2BC2B3883D32}.Release|x86.Build.0 = Release|Win32
		{576091EF-F859-4A56-8C5D-A69A9647D9A2}.Debug|x64.ActiveCfg = Debug|x64
		{576091EF-F859-4A56-8C5D-A69A9647D9A2}.Debug|x64.Build.0 = Debug|x64
		{576091EF-F859-4A56-8C5D-A69A9647D9A2}.Debug|x86.ActiveCfg = Debug|Win32
		{576091EF-F859-4A56-8C5D-A69A9647D9A2}.Debug|x86.Build.0 = Debug|Win32
		{576091EF-F859-4A56-8C5D-A69A9647D9A2}.Release|x64.ActiveCfg = Release|x64
		{576091EF-F859-4A56-8C5D-A69A9647D9A2}.Release|x64.Build.0 = Release|x64
		{576091EF-F859-4A56-8C5D-A69A9647D9A2}.Release|x86.ActiveCfg = Release|Win32
		{576091EF-F859-4A56-8C5D-A69A9647D9A2}.Release|x86.Build.0 = Release|Win32
		{7749E7D4-FAED-4AE1-8DFB-DC58FC77DDCD}.Debug|x64.ActiveCfg = Debug|x64
		{7749E7D4-FAED-4AE1-8DFB-DC58FC77DDCD}.Debug|x64.Build.0 = Debug|x64
		{7749E7D4-FAED-4AE1-8DFB-DC58FC77DDCD}.Debug|x86.ActiveCfg = Debug|Win32
		{7749E7D4-FAED-4AE1-8DFB-DC58FC77DDCD}.Debug|x86.Build.0 = Debug|Win32
		{7749E7D4-FAED-4AE1-8DFB-DC58FC77DDCD}.Release|x64.ActiveCfg = Release|x64
		{7749E7D4-FAED-4AE1-8DFB-DC58FC77DDCD}.Release|x64.Build.0 = Release|x64
		{7749E7D4-FAED-4AE1-8DFB-DC58FC77DDCD}.Release|x86.ActiveCfg = Release|Win32
		{7749E7D4-FAED-4AE1-8DFB-DC58FC77DDCD}.Release|x86.Build.0 = Release|Win32
		{C337639C-706E-4805-9011-9EA59DF95901}.Debug|x64.ActiveCfg = Debug|x64
		{C337639C-706E-4805-9011-9EA59DF95901}.Debug|x64.Build.0 = Debug|x64
		{C337639C-706E-4805-9011-9EA59DF95901}.Debug|x86.ActiveCfg = Debug|Win32
		{C337639C-706E-4805-9011-9EA59DF95901}.Debug|x86.Build.0 = Debug|Win32
		{C337639C-706E-4805-9011-9EA59DF95901}.Release|x64.ActiveCfg = Release|x64
		{C337639C-706E-4805-9011-9EA59DF95901}.Release|x64.Build.0 = Release|x64
		{C337639C-706E-4805-9011-9EA59DF95901}.Release|x86.ActiveCfg = Release|Win32
		{C337639C-706E-4805-9011-9EA59DF95901}.Release|x86.Build.0 = Release|Win32
		{260B6581-B91C-4F7B-B26D-1BC8728A8F9F}.Debug|x64.ActiveCfg = Debug|x64
		{260B6581-B91C-4F7B-B26D-1BC8728A8F9F}.Debug|x64.Build.0 = Debug|x64
		{260B6581-B91C-4F7B-B26D-1BC8728A8F9F}.Debug|x86.ActiveCfg = Debug|Win32
		{260B6581-B91C-4F7B-B26D-1BC8728A8F9F}.Debug|x86.Build.0 = Debug|Win32
		{260B6581-B91C-4F7B-B26D-1BC8728A8F9F}.Release|x64.ActiveCfg = Release|x64
		{260B6581-B91C-4F7B-B26D-1BC8728A8F9F}.Release|x64.Build.0 = Release|x64
		{260B6581-B91C-4F7B-B26D-1BC8728A8F9F}.Release|x86.ActiveCfg = Release|Win32
		{260B6581-B91C-4F7B-B26D-1BC8728A8F9F}.Release|x86.Build.0 = Release|Win32
		{A446D53A-F816-4A8E-811F-ECAE569DE3D7}.Debug|x64.ActiveCfg = Debug|x64
		{A446D53A-F816-4A8E-811F-ECAE569DE3D7}.Debug|x64.Build.0 = Debug|x64
		{A446D53A-F816-4A8E-811F-ECAE569DE3D7}.Debug|x86.ActiveCfg = Debug|Win32
		{A446D53A-F816-4A8E-811F-ECAE569DE3D7}.Debug|x86.Build.0 = Debug|Win32
		{A446D53A-F816-4A8E-811F-ECAE569DE3D7}.Release|x64.ActiveCfg = Release|x64
		{A446D53A-F816-4A8E-811F-ECAE569DE3D7}.Release|x64.Build.0 = Release|x64
		{A446D53A-F816-4A8E-811F-ECAE569DE3D7}.Release|x86.ActiveCfg = Release|Win32
		{A446D53A-F816-4A8E-811F-ECAE569DE3D7}.Release|x86.Build.0 = Release|Win32
		{A9F819DD-37DC-4461-B5BF-3A8467BF4D2A}.Debug|x64.ActiveCfg = Debug|x64
		{A9F819DD-37DC-4461-B5BF-3A8467BF4D2A}.Debug|x64.Build.0 = Debug|x64
		{A9F819DD-37DC-4461-B5BF-3A8467BF4D2A}.Debug|x86.ActiveCfg = Debug|Win32
		{A9F819DD-37DC-4461-B5BF-3A8467BF4D2A}.Debug|x86.Build.0 = Debug|Win32
		{A9F819DD-37DC-4461-B5BF-3A8467BF4D2A}.Release|x64.ActiveCfg = Release|x64
		{A9F819DD-37DC-4461-B5BF-3A8467BF4D2A}.Release|x64.Build.0 = Release|x64
		{A9F819DD-37DC-4461-B5BF-3A8467BF4D2A}.Release|x86.ActiveCfg = Release|Win32
		{A9F819DD-37DC-4461-B5BF-3A8467BF4D2A}.Release|x86.Build.0 = Release|Win32
		{A14FB177-C5AA-448C-A1CB-CF40E6F26DC2}.Debug|x64.ActiveCfg = Debug|x64
		{A14FB177-C5AA-448C-A1CB-CF40E6F26DC2}.Debug|x64.Build.0 = Debug|x64
		{A14FB177-C5AA-448C-A1CB-CF40E6F26DC2}.Debug|x86.ActiveCfg = Debug|Win32
		{A14FB177-C5AA-448C-A1CB-CF40E6F26DC2}.Debug|x86.Build.0 = Debug|Win32
		{A14FB177-C5AA-448C-A1CB-CF40E6F26DC2}.Release|x64.ActiveCfg = Release|x64
		{A14FB177-C5AA-448C-A1CB-CF40E6F26DC2}.Release|x64.Build.0 = Release|x64
		{A14FB177-C5AA-448C-A1CB-CF40E6F26DC2}.Release|x86.ActiveCfg = Release|Win32
		{A14FB177-C5AA-448C-A1CB-CF40E6F26DC2}.Release|x86.Build.0 = Release|Win32
		{04685E63-4DFE-4DD0-AC8B-5DACFDC12ED6}.Debug|x64.ActiveCfg = Debug|x64
		{04685E63-4DFE-4DD0-AC8B-5DACFDC12ED6}.Debug|x64.Build.0 = Debug|x64
		{04685E63-4DFE-4DD0-AC8B-5DACFDC12ED6}.Debug|x86.ActiveCfg = Debug|Win32
		{04685E63-4DFE-4DD0-AC8B-5DACFDC12ED6}.Debug|x86.Build.0 = Debug|Win32
		{04685E63-4DFE-4DD0-AC8B-5DACFDC12ED6}.Release|x64.ActiveCfg = Release|x64
		{04685E63-4DFE-4DD0-AC8B-5DACFDC12ED6}.Release|x64.Build.0 = Release|x64
		{04685E63-4DFE-4DD0-AC8B-5DACFDC12ED6}.Release|x86.ActiveCfg = Release|Win32
		{04685E63-4DFE-4DD0-AC8B-5DACFDC12ED6}.Release|x86.Build.0 = Release|Win32
		{466AB338-3435-430E-9F35-379F3BB400FC}.Debug|x64.ActiveCfg = Debug|x64
		{466AB338-3435-430E-9F35-379F3BB400FC}.Debug|x64.Build.0 = Debug|x64
		{466AB338-3435-430E-9F35-379F3BB400FC}.Debug|x86.ActiveCfg = Debug|Win32
		{466AB338-3435-430E-9F35-379F3BB400FC}.Debug|x86.Build.0 = Debug|Win32
		{466AB338-3435-430E-9F35-379F3BB400FC}.Release|x64.ActiveCfg = Release|x64
		{466AB338-3435-430E-9F35-379F3BB400FC}.Release|x64.Build.0 = Release|x64
		{466AB338-3435-430E-9F35-379F3BB400FC}.Release|x86.ActiveCfg = Release|Win32
		{466AB338-3435-430E-9F35-379F3BB400FC}.Release|x86.Build.0 = Release|Win32
		{E1AA5EE8-DCB9-4496-9D8F-01CACE8096E6}.Debug|x64.ActiveCfg = Debug|x64
		{E1AA5EE8-DCB9-4496-9D8F-01CACE8096E6}.Debug|x64.Build.0 = Debug|x64
		{E1AA5EE8-DCB9-4496-9D8F-01CACE8096E6}.Debug|x86.ActiveCfg = Debug|Win32
		{E1AA5EE8-DCB9-4496-9D8F-01CACE8096E6}.Debug|x86.Build.0 = Debug|Win32
		{E1AA5EE8-DCB9-4496-9D8F-01CACE8096E6}.Release|x64.ActiveCfg = Release|x64
		{E1AA5EE8-DCB9-4496-9D8F-01CACE8096E6}.Release|x64.Build.0 = Release|x64
		{E1AA5EE8-DCB9-4496-9D8F-01CACE8096E6}.Release|x86.ActiveCfg = Release|Win32
		{E1AA5EE8-DCB9-4496-9D8F-01CACE8096E6}.Release|x86.Build.0 = Release|Win32
		{5F4DD411-E399-48C9-BA72-A11F9F0BDF88}.Debug|x64.ActiveCfg = Debug|x64
		{5F4DD411-E399-48C9-BA72-A11F9F0BDF88}.Debug|x64.Build.0 = Debug|x64
		{5F4DD411-E399-48C9-BA72-A11F9F0BDF88}.Debug|x86.ActiveCfg = Debug|Win32
		{5F4DD411-E399-48C9-BA72-A11F9F0BDF88}.Debug|x86.Build.0 = Debug|Win32
		{5F4DD411-E399-48C9-BA72-A11F9F0BDF88}.Release|x64.ActiveCfg = Release|x64
		{5F4DD411-E399-48C9-BA72-A11F9F0BDF88}.Release|x64.Build.0 = Release|x64
		{5F4DD411-E399-48C9-BA72-A11F9F0BDF88}.Release|x86.ActiveCfg = Release|Win32
		{5F4DD411-E399-48C9-BA72-A11F9F0BDF88}.Release|x86.Build.0 = Release|Win32
		{13C75612-6711-47ED-B545-B4FFB29C8BC0}.Debug|x64.ActiveCfg = Debug|x64
		{13C75612-6711-47ED-B545-B4FFB29C8BC0}.Debug|x64.Build.0 = Debug|x64
		{13C75612-6711-47ED-B545-B4FFB29C8BC0}.Debug|x86.ActiveCfg = Debug|Win32
		{13C75612-6711-47ED-B545-B4FFB29C8BC0}.Debug|x86.Build.0 = Debug|Win32
		{13C75612-6711-47ED-B545-B4FFB29C8BC0}.Release|x64.ActiveCfg = Release|x64
		{13C75612-6711-47ED-B545-B4FFB29C8BC0}.Release|x64.Build.0 = Release|x64
		{13C75612-6711-47ED-B545-B4FFB29C8BC0}.Release|x86.ActiveCfg = Release|Win32
		{13C75612-6711-47ED-B545-B4FFB29C8BC0}.Release|x86.Build.0 = Release|Win32
		{E4F13A0F-AA02-48E5-86E0-E90A74AC666C}.Debug|x64.ActiveCfg = Debug|x64
		{E4F13A0F-AA02-48E5-86E0-E90A74AC666C}.Debug|x64.Build.0 = Debug|x64
		{E4F13A0F-AA02-48E5-86E0-E90A74AC666C}.Debug|x86.ActiveCfg = Debug|Win32
		{E4F13A0F-AA02-48E5-86E0-E90A74AC666C}.Debug|x86.Build.0 = Debug|Win32
		{E4F13A0F-AA02-48E5-86E0-E90A74AC666C}.Release|x64.ActiveCfg = Release|x64
		{E4F13A0F-AA02-48E5-86E0-E90A74AC666C}.Release|x64.Build.0 = Release|x64
		{E4F13A0F-AA02-48E5-86E0-E90A74AC666C}.Release|x86.ActiveCfg = Release|Win32
		{E4F13A0F-AA02-48E5-86E0-E90A74AC666C}.Release|x86.Build.0 = Release|Win32
		{59001535-E9A1-4C9D-9448-50F33B013637}.Debug|x64.ActiveCfg = Debug|x64
		{59001535-E9A1-4C9D-9448-50F33B013637}.Debug|x64.Build.0 = Debug|x64
		{59001535-E9A1-4C9D-9448-50F33B013637}.Debug|x86.ActiveCfg = Debug|Win32
		{59001535-E9A1-4C9D-9448-50F33B013637}.Debug|x86.Build.0 = Debug|Win32
		{59001535-E9A1-4C9D-9448-50F33B013637}.Release|x64.ActiveCfg = Release|x64
		{59001535-E9A1-4C9D-9448-50F33B013637}.Release|x64.Build.0 = Release|x64
		{59001535-E9A1-4C9D-9448-50F33B013637}.Release|x86.ActiveCfg = Release|Win32
		{59001535-E9A1-4C9D-9448-50F33B013637}.Release|x86.Build.0 = Release|Win32
		{8789E696-6850-403E-8A21-1BF7A73375B0}.Debug|x64.ActiveCfg = Debug|x64
		{8789E696-6850-403E-8A21-1BF7A73375B0}.Debug|x64.Build.0 = Debug|x64
		{8789E696-6850-403E-8A21-1BF7A73375B0}.Debug|x86.ActiveCfg = Debug|Win32
		{8789E696-6850-403E-8A21-1BF7A73375B0}.Debug|x86.Build.0 = Debug|Win32
		{8789E696-6850-403E-8A21-1BF7A73375B0}.Release|x64.ActiveCfg = Release|x64
		{8789E696-6850-403E-8A21-1BF7A73375B0}.Release|x64.Build.0 = Release|x64
		{8789E696-6850-403E-8A21-1BF7A73375B0}.Release|x86.ActiveCfg = Release|Win32
		{8789E696-6850-403E-8A21-1BF7A73375B0}.Release|x86.Build.0 = Release|Win32
		{114234D9-FB58-4F00-A776-32C6532E9C49}.Debug|x64.ActiveCfg = Debug|x64
		{114234D9-FB58-4F00-A776-32C6532E9C49}.Debug|x64.Build.0 = Debug|x64
		{114234D9-FB58-4F00-A776-32C6532E9C49}.Debug|x86.ActiveCfg = Debug|Win32
		{114234D9-FB58-4F00-A776-32C6532E9C49}.Debug|x86.Build.0 = Debug|Win32
		{114234D9-FB58-4F00-A776-32C6532E9C49}.Release|x64.ActiveCfg = Release|x64
		{114234D9-FB58-4F00-A776-32C6532E9C49}.Release|x64.Build.0 = Release|x64
		{114234D9-FB58-4F00-A776-32C6532E9C49}.Release|x86.ActiveCfg = Release|Win32
		{114234D9-FB58-4F00-A776-32C6532E9C49}.Release|x86.Build.0 = Release|Win32
		{81187892-5261-48DD-B5C8-1E4B589DD85F}.Debug|x64.ActiveCfg = Debug|x64
		{81187892-5261-48DD-B5C8-1E4B589DD85F}.Debug|x64.Build.0 = Debug|x64
		{81187892-5261-48DD-B5C8-1E4B589DD85F}.Debug|x86.ActiveCfg = Debug|Win32
		{81187892-5261-48DD-B5C8-1E4B589DD85F}.Debug|x86.Build.0 = Debug|Win32
		{81187892-5261-48DD-B5C8-1E4B589DD85F}.Release|x64.ActiveCfg = Release|x64
		{81187892-5261-48DD-B5C8-1E4B589DD85F}.Release|x64.Build.0 = Release|x64
		{81187892-5261-48DD-B5C8-1E4B589DD85F}.Release|x86.ActiveCfg = Release|Win32
		{81187892-5261-48DD-B5C8-1E4B589DD85F}.Release|x86.Build.0 = Release|Win32
		{6D927484-42A5-4081-97DA-1DB2D8AE5520}.Debug|x64.ActiveCfg = Debug|x64
		{6D927484-42A5-4081-97DA-1DB2D8AE5520}.Debug|x64.Build.0 = Debug|x64
		{6D927484-42A5-4081-97DA-1DB2D8AE5520}.Debug|x86.ActiveCfg = Debug|Win32
		{6D927484-42A5-4081-97DA-1DB2D8AE5520}.Debug|x86.Build.0 = Debug|Win32
		{6D927484-42A5-4081-97DA-1DB2D8AE5520}.Release|x64.ActiveCfg = Release|x64
		{6D927484-42A5-4081-97DA-1DB2D8AE5520}.Release|x64.Build.0 = Release|x64
		{6D927484-42A5-4081-97DA-1DB2D8AE5520}.Release|x86.ActiveCfg = Release|Win32
		{6D927484-42A5-4081-97DA-1DB2D8AE5520}.Release|x86.Build.0 = Release|Win32
		{16AC87D1-E31A-4923-AAA6-02D560969A10}.Debug|x64.ActiveCfg = Debug|x64
		{16AC87D1-E31A-4923-AAA6-02D560969A10}.Debug|x64.Build.0 = Debug|x64
		{16AC87D1-E31A-4923-AAA6-02D560969A10}.Debug|x86.ActiveCfg = Debug|Win32
		{16AC87D1-E31A-4923-AAA6-02D560969A10}.Debug|x86.Build.0 = Debug|Win32
		{16AC87D1-E31A-4923-AAA6-02D560969A10}.Release|x64.ActiveCfg = Release|x64
		{16AC87D1-E31A-4923-AAA6-02D560969A10}.Release|x64.Build.0 = Release|x64
		{16AC87D1-E31A-4923-AAA6-02D560969A10}.Release|x86.ActiveCfg = Release|Win32
		{16AC87D1-E31A-4923-AAA6-02D560969A10}.Release|x86.Build.0 = Release|Win32
		{6FD7C0F4-AF5B-4B6B-A6E2-7C9D53A86FF0}.Debug|x64.ActiveCfg = Debug|x64
		{6FD7C0F4-AF5B-4B6B-A6E2-7C9D53A86FF0}.Debug|x64.Build.0 = Debug|x64
		{6FD7C0F4-AF5B-4B6B-A6E2-7C9D53A86FF0}.Debug|x86.ActiveCfg = Debug|Win32
		{6FD7C0F4-AF5B-4B6B-A6E2-7C9D53A86FF0}.Debug|x86.Build.0 = Debug|Win32
		{6FD7C0F4-AF5B-4B6B-A6E2-7C9D53A86FF0}.Release|x64.ActiveCfg = Release|x64
		{6FD7C0F4-AF5B-4B6B-A6E2-7C9D53A86FF0}.Release|x64.Build.0 = Release|x64
		{6FD7C0F4-AF5B-4B6B-A6E2-7C9D53A86FF0}.Release|x86.ActiveCfg = Release|Win32
		{6FD7C0F4-AF5B-4B6B-A6E2-7C9D53A86FF0}.Release|x86.Build.0 = Release|Win32
		{F909FC58-A2E5-42FE-9899-4E9DF833CF9E}.Debug|x64.ActiveCfg = Debug|x64
		{F909FC58-A2E5-42FE-9899-4E9DF833CF9E}.Debug|x64.Build.0 = Debug|x64
		{F909FC58-A2E5-42FE-9899-4E9DF833CF9E}.Debug|x86.ActiveCfg = Debug|Win32
		{F909FC58-A2E5-42FE-9899-4E9DF833CF9E}.Debug|x86.Build.0 = Debug|Win32
		{F909FC58-A2E5-42FE-9899-4E9DF833CF9E}.Release|x64.ActiveCfg = Release|x64
		{F909FC58-A2E5-42FE-9899-4E9DF833CF9E}.Release|x64.Build.0 = Release|x64
		{F909FC58-A2E5-42FE-9899-4E9DF833CF9E}.Release|x86.ActiveCfg = Release|Win32
		{F909FC58-A2E5-42FE-9899-4E9DF833CF9E}.Release|x86.Build.0 = Release|Win32
		{5C1D5EAA-58C7-48BD-B244-12C0FB6D066A}.Debug|x64.ActiveCfg = Debug|x64
		{5C1D5EAA-58C7-48BD-B244-12C0FB6D066A}.Debug|x64.Build.0 = Debug|x64
		{5C1D5EAA-58C7-48BD-B244-12C0FB6D066A}.Debug|x86.ActiveCfg = Debug|Win32
		{5C1D5EAA-58C7-48BD-B244-12C0FB6D066A}.Debug|x86.Build.0 = Debug|Win32
		{5C1D5EAA-58C7-48BD-B244-12C0FB6D066A}.Release|x64.ActiveCfg = Release|x64
		{5C1D5EAA-58C7-48BD-B244-12C0FB6D066A}.Release|x64.Build.0 = Release|x64
		{5C1D5EAA-58C7-48BD-B244-12C0FB6D066A}.Release|x86.ActiveCfg = Release|Win32
		{5C1D5EAA-58C7-48BD-B244-12C0FB6D066A}.Release|x86.Build.0 = Release|Win32
	EndGlobalSection
	GlobalSection(SolutionProperties) = preSolution
		HideSolutionNode = FALSE
	EndGlobalSection
	GlobalSection(ExtensibilityGlobals) = postSolution
		SolutionGuid = {023CC6A5-EA6C-44D1-A191-5A8FE5AB8848}
	EndGlobalSection
EndGlobal
